// !$*UTF8*$!
{
	archiveVersion = 1;
	classes = {
	};
	objectVersion = 55;
	objects = {

/* Begin PBXBuildFile section */
		154E025F27C68A7C0002C21C /* WeatherManager.swift in Sources */ = {isa = PBXBuildFile; fileRef = 154E025E27C68A7B0002C21C /* WeatherManager.swift */; };
		156D205A27BED82800C63D2A /* Tests_iOS.swift in Sources */ = {isa = PBXBuildFile; fileRef = 156D205927BED82800C63D2A /* Tests_iOS.swift */; };
		156D205C27BED82800C63D2A /* Tests_iOSLaunchTests.swift in Sources */ = {isa = PBXBuildFile; fileRef = 156D205B27BED82800C63D2A /* Tests_iOSLaunchTests.swift */; };
		156D206627BED82800C63D2A /* Tests_macOS.swift in Sources */ = {isa = PBXBuildFile; fileRef = 156D206527BED82800C63D2A /* Tests_macOS.swift */; };
		156D206827BED82800C63D2A /* Tests_macOSLaunchTests.swift in Sources */ = {isa = PBXBuildFile; fileRef = 156D206727BED82800C63D2A /* Tests_macOSLaunchTests.swift */; };
		156D206927BED82800C63D2A /* WeatherAppApp.swift in Sources */ = {isa = PBXBuildFile; fileRef = 156D204127BED82500C63D2A /* WeatherAppApp.swift */; };
		156D206A27BED82800C63D2A /* WeatherAppApp.swift in Sources */ = {isa = PBXBuildFile; fileRef = 156D204127BED82500C63D2A /* WeatherAppApp.swift */; };
		156D206B27BED82800C63D2A /* ContentView.swift in Sources */ = {isa = PBXBuildFile; fileRef = 156D204227BED82500C63D2A /* ContentView.swift */; };
		156D206C27BED82800C63D2A /* ContentView.swift in Sources */ = {isa = PBXBuildFile; fileRef = 156D204227BED82500C63D2A /* ContentView.swift */; };
		156D206D27BED82800C63D2A /* Assets.xcassets in Resources */ = {isa = PBXBuildFile; fileRef = 156D204327BED82800C63D2A /* Assets.xcassets */; };
		156D206E27BED82800C63D2A /* Assets.xcassets in Resources */ = {isa = PBXBuildFile; fileRef = 156D204327BED82800C63D2A /* Assets.xcassets */; };
		158DC60427C6528E00396072 /* LoadingView.swift in Sources */ = {isa = PBXBuildFile; fileRef = 158DC60327C6528D00396072 /* LoadingView.swift */; };
		158DC60527C6528E00396072 /* LoadingView.swift in Sources */ = {isa = PBXBuildFile; fileRef = 158DC60327C6528D00396072 /* LoadingView.swift */; };
		15CD8C6327C5477B00771B17 /* LocationManager.swift in Sources */ = {isa = PBXBuildFile; fileRef = 15CD8C6227C5477B00771B17 /* LocationManager.swift */; };
		15CD8C6727C5507100771B17 /* Welcome.swift in Sources */ = {isa = PBXBuildFile; fileRef = 15CD8C6627C5507100771B17 /* Welcome.swift */; };
		15CD8C6827C5507700771B17 /* Welcome.swift in Sources */ = {isa = PBXBuildFile; fileRef = 15CD8C6627C5507100771B17 /* Welcome.swift */; };
/* End PBXBuildFile section */

/* Begin PBXContainerItemProxy section */
		156D205627BED82800C63D2A /* PBXContainerItemProxy */ = {
			isa = PBXContainerItemProxy;
			containerPortal = 156D203C27BED82500C63D2A /* Project object */;
			proxyType = 1;
			remoteGlobalIDString = 156D204727BED82800C63D2A;
			remoteInfo = "WeatherApp (iOS)";
		};
		156D206227BED82800C63D2A /* PBXContainerItemProxy */ = {
			isa = PBXContainerItemProxy;
			containerPortal = 156D203C27BED82500C63D2A /* Project object */;
			proxyType = 1;
			remoteGlobalIDString = 156D204D27BED82800C63D2A;
			remoteInfo = "WeatherApp (macOS)";
		};
/* End PBXContainerItemProxy section */

/* Begin PBXFileReference section */
		154E025E27C68A7B0002C21C /* WeatherManager.swift */ = {isa = PBXFileReference; lastKnownFileType = sourcecode.swift; path = WeatherManager.swift; sourceTree = "<group>"; };
		156D204127BED82500C63D2A /* WeatherAppApp.swift */ = {isa = PBXFileReference; lastKnownFileType = sourcecode.swift; path = WeatherAppApp.swift; sourceTree = "<group>"; };
		156D204227BED82500C63D2A /* ContentView.swift */ = {isa = PBXFileReference; lastKnownFileType = sourcecode.swift; path = ContentView.swift; sourceTree = "<group>"; };
		156D204327BED82800C63D2A /* Assets.xcassets */ = {isa = PBXFileReference; lastKnownFileType = folder.assetcatalog; path = Assets.xcassets; sourceTree = "<group>"; };
		156D204827BED82800C63D2A /* WeatherApp.app */ = {isa = PBXFileReference; explicitFileType = wrapper.application; includeInIndex = 0; path = WeatherApp.app; sourceTree = BUILT_PRODUCTS_DIR; };
		156D204E27BED82800C63D2A /* WeatherApp.app */ = {isa = PBXFileReference; explicitFileType = wrapper.application; includeInIndex = 0; path = WeatherApp.app; sourceTree = BUILT_PRODUCTS_DIR; };
		156D205027BED82800C63D2A /* macOS.entitlements */ = {isa = PBXFileReference; lastKnownFileType = text.plist.entitlements; path = macOS.entitlements; sourceTree = "<group>"; };
		156D205527BED82800C63D2A /* Tests iOS.xctest */ = {isa = PBXFileReference; explicitFileType = wrapper.cfbundle; includeInIndex = 0; path = "Tests iOS.xctest"; sourceTree = BUILT_PRODUCTS_DIR; };
		156D205927BED82800C63D2A /* Tests_iOS.swift */ = {isa = PBXFileReference; lastKnownFileType = sourcecode.swift; path = Tests_iOS.swift; sourceTree = "<group>"; };
		156D205B27BED82800C63D2A /* Tests_iOSLaunchTests.swift */ = {isa = PBXFileReference; lastKnownFileType = sourcecode.swift; path = Tests_iOSLaunchTests.swift; sourceTree = "<group>"; };
		156D206127BED82800C63D2A /* Tests macOS.xctest */ = {isa = PBXFileReference; explicitFileType = wrapper.cfbundle; includeInIndex = 0; path = "Tests macOS.xctest"; sourceTree = BUILT_PRODUCTS_DIR; };
		156D206527BED82800C63D2A /* Tests_macOS.swift */ = {isa = PBXFileReference; lastKnownFileType = sourcecode.swift; path = Tests_macOS.swift; sourceTree = "<group>"; };
		156D206727BED82800C63D2A /* Tests_macOSLaunchTests.swift */ = {isa = PBXFileReference; lastKnownFileType = sourcecode.swift; path = Tests_macOSLaunchTests.swift; sourceTree = "<group>"; };
		158DC60327C6528D00396072 /* LoadingView.swift */ = {isa = PBXFileReference; lastKnownFileType = sourcecode.swift; path = LoadingView.swift; sourceTree = "<group>"; };
		15CD8C6227C5477B00771B17 /* LocationManager.swift */ = {isa = PBXFileReference; lastKnownFileType = sourcecode.swift; path = LocationManager.swift; sourceTree = "<group>"; };
		15CD8C6627C5507100771B17 /* Welcome.swift */ = {isa = PBXFileReference; lastKnownFileType = sourcecode.swift; path = Welcome.swift; sourceTree = "<group>"; };
/* End PBXFileReference section */

/* Begin PBXFrameworksBuildPhase section */
		156D204527BED82800C63D2A /* Frameworks */ = {
			isa = PBXFrameworksBuildPhase;
			buildActionMask = 2147483647;
			files = (
			);
			runOnlyForDeploymentPostprocessing = 0;
		};
		156D204B27BED82800C63D2A /* Frameworks */ = {
			isa = PBXFrameworksBuildPhase;
			buildActionMask = 2147483647;
			files = (
			);
			runOnlyForDeploymentPostprocessing = 0;
		};
		156D205227BED82800C63D2A /* Frameworks */ = {
			isa = PBXFrameworksBuildPhase;
			buildActionMask = 2147483647;
			files = (
			);
			runOnlyForDeploymentPostprocessing = 0;
		};
		156D205E27BED82800C63D2A /* Frameworks */ = {
			isa = PBXFrameworksBuildPhase;
			buildActionMask = 2147483647;
			files = (
			);
			runOnlyForDeploymentPostprocessing = 0;
		};
/* End PBXFrameworksBuildPhase section */

/* Begin PBXGroup section */
		156D203B27BED82500C63D2A = {
			isa = PBXGroup;
			children = (
				15CD8C6427C54F0F00771B17 /* Views */,
				15CD8C6127C5475900771B17 /* Managers */,
				156D204027BED82500C63D2A /* Shared */,
				156D204F27BED82800C63D2A /* macOS */,
				156D205827BED82800C63D2A /* Tests iOS */,
				156D206427BED82800C63D2A /* Tests macOS */,
				156D204927BED82800C63D2A /* Products */,
			);
			sourceTree = "<group>";
		};
		156D204027BED82500C63D2A /* Shared */ = {
			isa = PBXGroup;
			children = (
				156D204127BED82500C63D2A /* WeatherAppApp.swift */,
				156D204327BED82800C63D2A /* Assets.xcassets */,
			);
			path = Shared;
			sourceTree = "<group>";
		};
		156D204927BED82800C63D2A /* Products */ = {
			isa = PBXGroup;
			children = (
				156D204827BED82800C63D2A /* WeatherApp.app */,
				156D204E27BED82800C63D2A /* WeatherApp.app */,
				156D205527BED82800C63D2A /* Tests iOS.xctest */,
				156D206127BED82800C63D2A /* Tests macOS.xctest */,
			);
			name = Products;
			sourceTree = "<group>";
		};
		156D204F27BED82800C63D2A /* macOS */ = {
			isa = PBXGroup;
			children = (
				156D205027BED82800C63D2A /* macOS.entitlements */,
			);
			path = macOS;
			sourceTree = "<group>";
		};
		156D205827BED82800C63D2A /* Tests iOS */ = {
			isa = PBXGroup;
			children = (
				156D205927BED82800C63D2A /* Tests_iOS.swift */,
				156D205B27BED82800C63D2A /* Tests_iOSLaunchTests.swift */,
			);
			path = "Tests iOS";
			sourceTree = "<group>";
		};
		156D206427BED82800C63D2A /* Tests macOS */ = {
			isa = PBXGroup;
			children = (
				156D206527BED82800C63D2A /* Tests_macOS.swift */,
				156D206727BED82800C63D2A /* Tests_macOSLaunchTests.swift */,
			);
			path = "Tests macOS";
			sourceTree = "<group>";
		};
		15CD8C6127C5475900771B17 /* Managers */ = {
			isa = PBXGroup;
			children = (
				15CD8C6227C5477B00771B17 /* LocationManager.swift */,
				154E025E27C68A7B0002C21C /* WeatherManager.swift */,
			);
			path = Managers;
			sourceTree = "<group>";
		};
		15CD8C6427C54F0F00771B17 /* Views */ = {
			isa = PBXGroup;
			children = (
				15CD8C6627C5507100771B17 /* Welcome.swift */,
				156D204227BED82500C63D2A /* ContentView.swift */,
				158DC60327C6528D00396072 /* LoadingView.swift */,
			);
			path = Views;
			sourceTree = "<group>";
		};
/* End PBXGroup section */

/* Begin PBXNativeTarget section */
		156D204727BED82800C63D2A /* WeatherApp (iOS) */ = {
			isa = PBXNativeTarget;
			buildConfigurationList = 156D207127BED82800C63D2A /* Build configuration list for PBXNativeTarget "WeatherApp (iOS)" */;
			buildPhases = (
				156D204427BED82800C63D2A /* Sources */,
				156D204527BED82800C63D2A /* Frameworks */,
				156D204627BED82800C63D2A /* Resources */,
			);
			buildRules = (
			);
			dependencies = (
			);
			name = "WeatherApp (iOS)";
			productName = "WeatherApp (iOS)";
			productReference = 156D204827BED82800C63D2A /* WeatherApp.app */;
			productType = "com.apple.product-type.application";
		};
		156D204D27BED82800C63D2A /* WeatherApp (macOS) */ = {
			isa = PBXNativeTarget;
			buildConfigurationList = 156D207427BED82800C63D2A /* Build configuration list for PBXNativeTarget "WeatherApp (macOS)" */;
			buildPhases = (
				156D204A27BED82800C63D2A /* Sources */,
				156D204B27BED82800C63D2A /* Frameworks */,
				156D204C27BED82800C63D2A /* Resources */,
			);
			buildRules = (
			);
			dependencies = (
			);
			name = "WeatherApp (macOS)";
			productName = "WeatherApp (macOS)";
			productReference = 156D204E27BED82800C63D2A /* WeatherApp.app */;
			productType = "com.apple.product-type.application";
		};
		156D205427BED82800C63D2A /* Tests iOS */ = {
			isa = PBXNativeTarget;
			buildConfigurationList = 156D207727BED82800C63D2A /* Build configuration list for PBXNativeTarget "Tests iOS" */;
			buildPhases = (
				156D205127BED82800C63D2A /* Sources */,
				156D205227BED82800C63D2A /* Frameworks */,
				156D205327BED82800C63D2A /* Resources */,
			);
			buildRules = (
			);
			dependencies = (
				156D205727BED82800C63D2A /* PBXTargetDependency */,
			);
			name = "Tests iOS";
			productName = "Tests iOS";
			productReference = 156D205527BED82800C63D2A /* Tests iOS.xctest */;
			productType = "com.apple.product-type.bundle.ui-testing";
		};
		156D206027BED82800C63D2A /* Tests macOS */ = {
			isa = PBXNativeTarget;
			buildConfigurationList = 156D207A27BED82800C63D2A /* Build configuration list for PBXNativeTarget "Tests macOS" */;
			buildPhases = (
				156D205D27BED82800C63D2A /* Sources */,
				156D205E27BED82800C63D2A /* Frameworks */,
				156D205F27BED82800C63D2A /* Resources */,
			);
			buildRules = (
			);
			dependencies = (
				156D206327BED82800C63D2A /* PBXTargetDependency */,
			);
			name = "Tests macOS";
			productName = "Tests macOS";
			productReference = 156D206127BED82800C63D2A /* Tests macOS.xctest */;
			productType = "com.apple.product-type.bundle.ui-testing";
		};
/* End PBXNativeTarget section */

/* Begin PBXProject section */
		156D203C27BED82500C63D2A /* Project object */ = {
			isa = PBXProject;
			attributes = {
				BuildIndependentTargetsInParallel = 1;
				LastSwiftUpdateCheck = 1320;
				LastUpgradeCheck = 1320;
				TargetAttributes = {
					156D204727BED82800C63D2A = {
						CreatedOnToolsVersion = 13.2.1;
					};
					156D204D27BED82800C63D2A = {
						CreatedOnToolsVersion = 13.2.1;
					};
					156D205427BED82800C63D2A = {
						CreatedOnToolsVersion = 13.2.1;
						TestTargetID = 156D204727BED82800C63D2A;
					};
					156D206027BED82800C63D2A = {
						CreatedOnToolsVersion = 13.2.1;
						TestTargetID = 156D204D27BED82800C63D2A;
					};
				};
			};
			buildConfigurationList = 156D203F27BED82500C63D2A /* Build configuration list for PBXProject "WeatherApp" */;
			compatibilityVersion = "Xcode 13.0";
			developmentRegion = en;
			hasScannedForEncodings = 0;
			knownRegions = (
				en,
				Base,
			);
			mainGroup = 156D203B27BED82500C63D2A;
			productRefGroup = 156D204927BED82800C63D2A /* Products */;
			projectDirPath = "";
			projectRoot = "";
			targets = (
				156D204727BED82800C63D2A /* WeatherApp (iOS) */,
				156D204D27BED82800C63D2A /* WeatherApp (macOS) */,
				156D205427BED82800C63D2A /* Tests iOS */,
				156D206027BED82800C63D2A /* Tests macOS */,
			);
		};
/* End PBXProject section */

/* Begin PBXResourcesBuildPhase section */
		156D204627BED82800C63D2A /* Resources */ = {
			isa = PBXResourcesBuildPhase;
			buildActionMask = 2147483647;
			files = (
				156D206D27BED82800C63D2A /* Assets.xcassets in Resources */,
			);
			runOnlyForDeploymentPostprocessing = 0;
		};
		156D204C27BED82800C63D2A /* Resources */ = {
			isa = PBXResourcesBuildPhase;
			buildActionMask = 2147483647;
			files = (
				156D206E27BED82800C63D2A /* Assets.xcassets in Resources */,
			);
			runOnlyForDeploymentPostprocessing = 0;
		};
		156D205327BED82800C63D2A /* Resources */ = {
			isa = PBXResourcesBuildPhase;
			buildActionMask = 2147483647;
			files = (
			);
			runOnlyForDeploymentPostprocessing = 0;
		};
		156D205F27BED82800C63D2A /* Resources */ = {
			isa = PBXResourcesBuildPhase;
			buildActionMask = 2147483647;
			files = (
			);
			runOnlyForDeploymentPostprocessing = 0;
		};
/* End PBXResourcesBuildPhase section */

/* Begin PBXSourcesBuildPhase section */
		156D204427BED82800C63D2A /* Sources */ = {
			isa = PBXSourcesBuildPhase;
			buildActionMask = 2147483647;
			files = (
				154E025F27C68A7C0002C21C /* WeatherManager.swift in Sources */,
				15CD8C6727C5507100771B17 /* Welcome.swift in Sources */,
				156D206B27BED82800C63D2A /* ContentView.swift in Sources */,
				156D206927BED82800C63D2A /* WeatherAppApp.swift in Sources */,
				158DC60427C6528E00396072 /* LoadingView.swift in Sources */,
				15CD8C6327C5477B00771B17 /* LocationManager.swift in Sources */,
			);
			runOnlyForDeploymentPostprocessing = 0;
		};
		156D204A27BED82800C63D2A /* Sources */ = {
			isa = PBXSourcesBuildPhase;
			buildActionMask = 2147483647;
			files = (
				156D206C27BED82800C63D2A /* ContentView.swift in Sources */,
				158DC60527C6528E00396072 /* LoadingView.swift in Sources */,
				15CD8C6827C5507700771B17 /* Welcome.swift in Sources */,
				156D206A27BED82800C63D2A /* WeatherAppApp.swift in Sources */,
			);
			runOnlyForDeploymentPostprocessing = 0;
		};
		156D205127BED82800C63D2A /* Sources */ = {
			isa = PBXSourcesBuildPhase;
			buildActionMask = 2147483647;
			files = (
				156D205C27BED82800C63D2A /* Tests_iOSLaunchTests.swift in Sources */,
				156D205A27BED82800C63D2A /* Tests_iOS.swift in Sources */,
			);
			runOnlyForDeploymentPostprocessing = 0;
		};
		156D205D27BED82800C63D2A /* Sources */ = {
			isa = PBXSourcesBuildPhase;
			buildActionMask = 2147483647;
			files = (
				156D206827BED82800C63D2A /* Tests_macOSLaunchTests.swift in Sources */,
				156D206627BED82800C63D2A /* Tests_macOS.swift in Sources */,
			);
			runOnlyForDeploymentPostprocessing = 0;
		};
/* End PBXSourcesBuildPhase section */

/* Begin PBXTargetDependency section */
		156D205727BED82800C63D2A /* PBXTargetDependency */ = {
			isa = PBXTargetDependency;
			target = 156D204727BED82800C63D2A /* WeatherApp (iOS) */;
			targetProxy = 156D205627BED82800C63D2A /* PBXContainerItemProxy */;
		};
		156D206327BED82800C63D2A /* PBXTargetDependency */ = {
			isa = PBXTargetDependency;
			target = 156D204D27BED82800C63D2A /* WeatherApp (macOS) */;
			targetProxy = 156D206227BED82800C63D2A /* PBXContainerItemProxy */;
		};
/* End PBXTargetDependency section */

/* Begin XCBuildConfiguration section */
		156D206F27BED82800C63D2A /* Debug */ = {
			isa = XCBuildConfiguration;
			buildSettings = {
				ALWAYS_SEARCH_USER_PATHS = NO;
				CLANG_ANALYZER_NONNULL = YES;
				CLANG_ANALYZER_NUMBER_OBJECT_CONVERSION = YES_AGGRESSIVE;
				CLANG_CXX_LANGUAGE_STANDARD = "gnu++17";
				CLANG_CXX_LIBRARY = "libc++";
				CLANG_ENABLE_MODULES = YES;
				CLANG_ENABLE_OBJC_ARC = YES;
				CLANG_ENABLE_OBJC_WEAK = YES;
				CLANG_WARN_BLOCK_CAPTURE_AUTORELEASING = YES;
				CLANG_WARN_BOOL_CONVERSION = YES;
				CLANG_WARN_COMMA = YES;
				CLANG_WARN_CONSTANT_CONVERSION = YES;
				CLANG_WARN_DEPRECATED_OBJC_IMPLEMENTATIONS = YES;
				CLANG_WARN_DIRECT_OBJC_ISA_USAGE = YES_ERROR;
				CLANG_WARN_DOCUMENTATION_COMMENTS = YES;
				CLANG_WARN_EMPTY_BODY = YES;
				CLANG_WARN_ENUM_CONVERSION = YES;
				CLANG_WARN_INFINITE_RECURSION = YES;
				CLANG_WARN_INT_CONVERSION = YES;
				CLANG_WARN_NON_LITERAL_NULL_CONVERSION = YES;
				CLANG_WARN_OBJC_IMPLICIT_RETAIN_SELF = YES;
				CLANG_WARN_OBJC_LITERAL_CONVERSION = YES;
				CLANG_WARN_OBJC_ROOT_CLASS = YES_ERROR;
				CLANG_WARN_QUOTED_INCLUDE_IN_FRAMEWORK_HEADER = YES;
				CLANG_WARN_RANGE_LOOP_ANALYSIS = YES;
				CLANG_WARN_STRICT_PROTOTYPES = YES;
				CLANG_WARN_SUSPICIOUS_MOVE = YES;
				CLANG_WARN_UNGUARDED_AVAILABILITY = YES_AGGRESSIVE;
				CLANG_WARN_UNREACHABLE_CODE = YES;
				CLANG_WARN__DUPLICATE_METHOD_MATCH = YES;
				COPY_PHASE_STRIP = NO;
				DEBUG_INFORMATION_FORMAT = dwarf;
				ENABLE_STRICT_OBJC_MSGSEND = YES;
				ENABLE_TESTABILITY = YES;
				GCC_C_LANGUAGE_STANDARD = gnu11;
				GCC_DYNAMIC_NO_PIC = NO;
				GCC_NO_COMMON_BLOCKS = YES;
				GCC_OPTIMIZATION_LEVEL = 0;
				GCC_PREPROCESSOR_DEFINITIONS = (
					"DEBUG=1",
					"$(inherited)",
				);
				GCC_WARN_64_TO_32_BIT_CONVERSION = YES;
				GCC_WARN_ABOUT_RETURN_TYPE = YES_ERROR;
				GCC_WARN_UNDECLARED_SELECTOR = YES;
				GCC_WARN_UNINITIALIZED_AUTOS = YES_AGGRESSIVE;
				GCC_WARN_UNUSED_FUNCTION = YES;
				GCC_WARN_UNUSED_VARIABLE = YES;
				MTL_ENABLE_DEBUG_INFO = INCLUDE_SOURCE;
				MTL_FAST_MATH = YES;
				ONLY_ACTIVE_ARCH = YES;
				SWIFT_ACTIVE_COMPILATION_CONDITIONS = DEBUG;
				SWIFT_OPTIMIZATION_LEVEL = "-Onone";
			};
			name = Debug;
		};
		156D207027BED82800C63D2A /* Release */ = {
			isa = XCBuildConfiguration;
			buildSettings = {
				ALWAYS_SEARCH_USER_PATHS = NO;
				CLANG_ANALYZER_NONNULL = YES;
				CLANG_ANALYZER_NUMBER_OBJECT_CONVERSION = YES_AGGRESSIVE;
				CLANG_CXX_LANGUAGE_STANDARD = "gnu++17";
				CLANG_CXX_LIBRARY = "libc++";
				CLANG_ENABLE_MODULES = YES;
				CLANG_ENABLE_OBJC_ARC = YES;
				CLANG_ENABLE_OBJC_WEAK = YES;
				CLANG_WARN_BLOCK_CAPTURE_AUTORELEASING = YES;
				CLANG_WARN_BOOL_CONVERSION = YES;
				CLANG_WARN_COMMA = YES;
				CLANG_WARN_CONSTANT_CONVERSION = YES;
				CLANG_WARN_DEPRECATED_OBJC_IMPLEMENTATIONS = YES;
				CLANG_WARN_DIRECT_OBJC_ISA_USAGE = YES_ERROR;
				CLANG_WARN_DOCUMENTATION_COMMENTS = YES;
				CLANG_WARN_EMPTY_BODY = YES;
				CLANG_WARN_ENUM_CONVERSION = YES;
				CLANG_WARN_INFINITE_RECURSION = YES;
				CLANG_WARN_INT_CONVERSION = YES;
				CLANG_WARN_NON_LITERAL_NULL_CONVERSION = YES;
				CLANG_WARN_OBJC_IMPLICIT_RETAIN_SELF = YES;
				CLANG_WARN_OBJC_LITERAL_CONVERSION = YES;
				CLANG_WARN_OBJC_ROOT_CLASS = YES_ERROR;
				CLANG_WARN_QUOTED_INCLUDE_IN_FRAMEWORK_HEADER = YES;
				CLANG_WARN_RANGE_LOOP_ANALYSIS = YES;
				CLANG_WARN_STRICT_PROTOTYPES = YES;
				CLANG_WARN_SUSPICIOUS_MOVE = YES;
				CLANG_WARN_UNGUARDED_AVAILABILITY = YES_AGGRESSIVE;
				CLANG_WARN_UNREACHABLE_CODE = YES;
				CLANG_WARN__DUPLICATE_METHOD_MATCH = YES;
				COPY_PHASE_STRIP = NO;
				DEBUG_INFORMATION_FORMAT = "dwarf-with-dsym";
				ENABLE_NS_ASSERTIONS = NO;
				ENABLE_STRICT_OBJC_MSGSEND = YES;
				GCC_C_LANGUAGE_STANDARD = gnu11;
				GCC_NO_COMMON_BLOCKS = YES;
				GCC_WARN_64_TO_32_BIT_CONVERSION = YES;
				GCC_WARN_ABOUT_RETURN_TYPE = YES_ERROR;
				GCC_WARN_UNDECLARED_SELECTOR = YES;
				GCC_WARN_UNINITIALIZED_AUTOS = YES_AGGRESSIVE;
				GCC_WARN_UNUSED_FUNCTION = YES;
				GCC_WARN_UNUSED_VARIABLE = YES;
				MTL_ENABLE_DEBUG_INFO = NO;
				MTL_FAST_MATH = YES;
				SWIFT_COMPILATION_MODE = wholemodule;
				SWIFT_OPTIMIZATION_LEVEL = "-O";
			};
			name = Release;
		};
		156D207227BED82800C63D2A /* Debug */ = {
			isa = XCBuildConfiguration;
			buildSettings = {
				ASSETCATALOG_COMPILER_APPICON_NAME = AppIcon;
				ASSETCATALOG_COMPILER_GLOBAL_ACCENT_COLOR_NAME = AccentColor;
				CODE_SIGN_STYLE = Automatic;
				CURRENT_PROJECT_VERSION = 1;
				ENABLE_PREVIEWS = YES;
				GENERATE_INFOPLIST_FILE = YES;
				INFOPLIST_KEY_UIApplicationSceneManifest_Generation = YES;
				INFOPLIST_KEY_UIApplicationSupportsIndirectInputEvents = YES;
				INFOPLIST_KEY_UILaunchScreen_Generation = YES;
				INFOPLIST_KEY_UISupportedInterfaceOrientations_iPad = "UIInterfaceOrientationPortrait UIInterfaceOrientationPortraitUpsideDown UIInterfaceOrientationLandscapeLeft UIInterfaceOrientationLandscapeRight";
				INFOPLIST_KEY_UISupportedInterfaceOrientations_iPhone = "UIInterfaceOrientationPortrait UIInterfaceOrientationLandscapeLeft UIInterfaceOrientationLandscapeRight";
				IPHONEOS_DEPLOYMENT_TARGET = 15.2;
				LD_RUNPATH_SEARCH_PATHS = (
					"$(inherited)",
					"@executable_path/Frameworks",
				);
				MARKETING_VERSION = 1.0;
				PRODUCT_BUNDLE_IDENTIFIER = "Alejandro-Pascuale.WeatherApp";
				PRODUCT_NAME = WeatherApp;
				SDKROOT = iphoneos;
				SWIFT_EMIT_LOC_STRINGS = YES;
				SWIFT_VERSION = 5.0;
				TARGETED_DEVICE_FAMILY = "1,2";
			};
			name = Debug;
		};
		156D207327BED82800C63D2A /* Release */ = {
			isa = XCBuildConfiguration;
			buildSettings = {
				ASSETCATALOG_COMPILER_APPICON_NAME = AppIcon;
				ASSETCATALOG_COMPILER_GLOBAL_ACCENT_COLOR_NAME = AccentColor;
				CODE_SIGN_STYLE = Automatic;
				CURRENT_PROJECT_VERSION = 1;
				ENABLE_PREVIEWS = YES;
				GENERATE_INFOPLIST_FILE = YES;
				INFOPLIST_KEY_UIApplicationSceneManifest_Generation = YES;
				INFOPLIST_KEY_UIApplicationSupportsIndirectInputEvents = YES;
				INFOPLIST_KEY_UILaunchScreen_Generation = YES;
				INFOPLIST_KEY_UISupportedInterfaceOrientations_iPad = "UIInterfaceOrientationPortrait UIInterfaceOrientationPortraitUpsideDown UIInterfaceOrientationLandscapeLeft UIInterfaceOrientationLandscapeRight";
				INFOPLIST_KEY_UISupportedInterfaceOrientations_iPhone = "UIInterfaceOrientationPortrait UIInterfaceOrientationLandscapeLeft UIInterfaceOrientationLandscapeRight";
				IPHONEOS_DEPLOYMENT_TARGET = 15.2;
				LD_RUNPATH_SEARCH_PATHS = (
					"$(inherited)",
					"@executable_path/Frameworks",
				);
				MARKETING_VERSION = 1.0;
				PRODUCT_BUNDLE_IDENTIFIER = "Alejandro-Pascuale.WeatherApp";
				PRODUCT_NAME = WeatherApp;
				SDKROOT = iphoneos;
				SWIFT_EMIT_LOC_STRINGS = YES;
				SWIFT_VERSION = 5.0;
				TARGETED_DEVICE_FAMILY = "1,2";
				VALIDATE_PRODUCT = YES;
			};
			name = Release;
		};
		156D207527BED82800C63D2A /* Debug */ = {
			isa = XCBuildConfiguration;
			buildSettings = {
				ASSETCATALOG_COMPILER_APPICON_NAME = AppIcon;
				ASSETCATALOG_COMPILER_GLOBAL_ACCENT_COLOR_NAME = AccentColor;
				CODE_SIGN_ENTITLEMENTS = macOS/macOS.entitlements;
				CODE_SIGN_STYLE = Automatic;
				COMBINE_HIDPI_IMAGES = YES;
				CURRENT_PROJECT_VERSION = 1;
				ENABLE_PREVIEWS = YES;
				GENERATE_INFOPLIST_FILE = YES;
				INFOPLIST_KEY_NSHumanReadableCopyright = "";
				LD_RUNPATH_SEARCH_PATHS = (
					"$(inherited)",
					"@executable_path/../Frameworks",
				);
				MACOSX_DEPLOYMENT_TARGET = 12.0;
				MARKETING_VERSION = 1.0;
				PRODUCT_BUNDLE_IDENTIFIER = "Alejandro-Pascuale.WeatherApp";
				PRODUCT_NAME = WeatherApp;
				SDKROOT = macosx;
				SWIFT_EMIT_LOC_STRINGS = YES;
				SWIFT_VERSION = 5.0;
			};
			name = Debug;
		};
		156D207627BED82800C63D2A /* Release */ = {
			isa = XCBuildConfiguration;
			buildSettings = {
				ASSETCATALOG_COMPILER_APPICON_NAME = AppIcon;
				ASSETCATALOG_COMPILER_GLOBAL_ACCENT_COLOR_NAME = AccentColor;
				CODE_SIGN_ENTITLEMENTS = macOS/macOS.entitlements;
				CODE_SIGN_STYLE = Automatic;
				COMBINE_HIDPI_IMAGES = YES;
				CURRENT_PROJECT_VERSION = 1;
				ENABLE_PREVIEWS = YES;
				GENERATE_INFOPLIST_FILE = YES;
				INFOPLIST_KEY_NSHumanReadableCopyright = "";
				LD_RUNPATH_SEARCH_PATHS = (
					"$(inherited)",
					"@executable_path/../Frameworks",
				);
				MACOSX_DEPLOYMENT_TARGET = 12.0;
				MARKETING_VERSION = 1.0;
				PRODUCT_BUNDLE_IDENTIFIER = "Alejandro-Pascuale.WeatherApp";
				PRODUCT_NAME = WeatherApp;
				SDKROOT = macosx;
				SWIFT_EMIT_LOC_STRINGS = YES;
				SWIFT_VERSION = 5.0;
			};
			name = Release;
		};
		156D207827BED82800C63D2A /* Debug */ = {
			isa = XCBuildConfiguration;
			buildSettings = {
				ALWAYS_EMBED_SWIFT_STANDARD_LIBRARIES = YES;
				CODE_SIGN_STYLE = Automatic;
				CURRENT_PROJECT_VERSION = 1;
				GENERATE_INFOPLIST_FILE = YES;
				IPHONEOS_DEPLOYMENT_TARGET = 15.2;
				MARKETING_VERSION = 1.0;
				PRODUCT_BUNDLE_IDENTIFIER = "Alejandro-Pascuale.Tests-iOS";
				PRODUCT_NAME = "$(TARGET_NAME)";
				SDKROOT = iphoneos;
				SWIFT_EMIT_LOC_STRINGS = NO;
				SWIFT_VERSION = 5.0;
				TARGETED_DEVICE_FAMILY = "1,2";
				TEST_TARGET_NAME = "WeatherApp (iOS)";
			};
			name = Debug;
		};
		156D207927BED82800C63D2A /* Release */ = {
			isa = XCBuildConfiguration;
			buildSettings = {
				ALWAYS_EMBED_SWIFT_STANDARD_LIBRARIES = YES;
				CODE_SIGN_STYLE = Automatic;
				CURRENT_PROJECT_VERSION = 1;
				GENERATE_INFOPLIST_FILE = YES;
				IPHONEOS_DEPLOYMENT_TARGET = 15.2;
				MARKETING_VERSION = 1.0;
				PRODUCT_BUNDLE_IDENTIFIER = "Alejandro-Pascuale.Tests-iOS";
				PRODUCT_NAME = "$(TARGET_NAME)";
				SDKROOT = iphoneos;
				SWIFT_EMIT_LOC_STRINGS = NO;
				SWIFT_VERSION = 5.0;
				TARGETED_DEVICE_FAMILY = "1,2";
				TEST_TARGET_NAME = "WeatherApp (iOS)";
				VALIDATE_PRODUCT = YES;
			};
			name = Release;
		};
		156D207B27BED82800C63D2A /* Debug */ = {
			isa = XCBuildConfiguration;
			buildSettings = {
				ALWAYS_EMBED_SWIFT_STANDARD_LIBRARIES = YES;
				CODE_SIGN_STYLE = Automatic;
				CURRENT_PROJECT_VERSION = 1;
				GENERATE_INFOPLIST_FILE = YES;
				MACOSX_DEPLOYMENT_TARGET = 12.0;
				MARKETING_VERSION = 1.0;
				PRODUCT_BUNDLE_IDENTIFIER = "Alejandro-Pascuale.Tests-macOS";
				PRODUCT_NAME = "$(TARGET_NAME)";
				SDKROOT = macosx;
				SWIFT_EMIT_LOC_STRINGS = NO;
				SWIFT_VERSION = 5.0;
				TEST_TARGET_NAME = "WeatherApp (macOS)";
			};
			name = Debug;
		};
		156D207C27BED82800C63D2A /* Release */ = {
			isa = XCBuildConfiguration;
			buildSettings = {
				ALWAYS_EMBED_SWIFT_STANDARD_LIBRARIES = YES;
				CODE_SIGN_STYLE = Automatic;
				CURRENT_PROJECT_VERSION = 1;
				GENERATE_INFOPLIST_FILE = YES;
				MACOSX_DEPLOYMENT_TARGET = 12.0;
				MARKETING_VERSION = 1.0;
				PRODUCT_BUNDLE_IDENTIFIER = "Alejandro-Pascuale.Tests-macOS";
				PRODUCT_NAME = "$(TARGET_NAME)";
				SDKROOT = macosx;
				SWIFT_EMIT_LOC_STRINGS = NO;
				SWIFT_VERSION = 5.0;
				TEST_TARGET_NAME = "WeatherApp (macOS)";
			};
			name = Release;
		};
/* End XCBuildConfiguration section */

/* Begin XCConfigurationList section */
		156D203F27BED82500C63D2A /* Build configuration list for PBXProject "WeatherApp" */ = {
			isa = XCConfigurationList;
			buildConfigurations = (
				156D206F27BED82800C63D2A /* Debug */,
				156D207027BED82800C63D2A /* Release */,
			);
			defaultConfigurationIsVisible = 0;
			defaultConfigurationName = Release;
		};
		156D207127BED82800C63D2A /* Build configuration list for PBXNativeTarget "WeatherApp (iOS)" */ = {
			isa = XCConfigurationList;
			buildConfigurations = (
				156D207227BED82800C63D2A /* Debug */,
				156D207327BED82800C63D2A /* Release */,
			);
			defaultConfigurationIsVisible = 0;
			defaultConfigurationName = Release;
		};
		156D207427BED82800C63D2A /* Build configuration list for PBXNativeTarget "WeatherApp (macOS)" */ = {
			isa = XCConfigurationList;
			buildConfigurations = (
				156D207527BED82800C63D2A /* Debug */,
				156D207627BED82800C63D2A /* Release */,
			);
			defaultConfigurationIsVisible = 0;
			defaultConfigurationName = Release;
		};
		156D207727BED82800C63D2A /* Build configuration list for PBXNativeTarget "Tests iOS" */ = {
			isa = XCConfigurationList;
			buildConfigurations = (
				156D207827BED82800C63D2A /* Debug */,
				156D207927BED82800C63D2A /* Release */,
			);
			defaultConfigurationIsVisible = 0;
			defaultConfigurationName = Release;
		};
		156D207A27BED82800C63D2A /* Build configuration list for PBXNativeTarget "Tests macOS" */ = {
			isa = XCConfigurationList;
			buildConfigurations = (
				156D207B27BED82800C63D2A /* Debug */,
				156D207C27BED82800C63D2A /* Release */,
			);
			defaultConfigurationIsVisible = 0;
			defaultConfigurationName = Release;
		};
/* End XCConfigurationList section */
	};
	rootObject = 156D203C27BED82500C63D2A /* Project object */;
}
